
Microsoft Visual Studio Solution File, Format Version 12.00
# Visual Studio Version 17
VisualStudioVersion = 17.5.002.0
MinimumVisualStudioVersion = 10.0.40219.1
Project("{9A19103F-16F7-4668-BE54-9A1E7A4F7556}") = "DlMirrorSync", "DlMirrorSync\DlMirrorSync.csproj", "{FA9885D7-14F7-4E57-83BD-5E3AB4891343}"
EndProject
Project("{B7DD6F7E-DEF8-4E67-B5B7-07EF123DB6F0}") = "MsiInstaller", "MsiInstaller\MsiInstaller.wixproj", "{5F063A99-FAB2-4CFB-AF60-8E239AFD1F33}"
EndProject
Global
	GlobalSection(SolutionConfigurationPlatforms) = preSolution
		Debug|Any CPU = Debug|Any CPU
		Debug|ARM64 = Debug|ARM64
		Debug|x64 = Debug|x64
		Debug|x86 = Debug|x86
		Release|Any CPU = Release|Any CPU
		Release|ARM64 = Release|ARM64
		Release|x64 = Release|x64
		Release|x86 = Release|x86
	EndGlobalSection
	GlobalSection(ProjectConfigurationPlatforms) = postSolution
		{FA9885D7-14F7-4E57-83BD-5E3AB4891343}.Debug|Any CPU.ActiveCfg = Debug|Any CPU
		{FA9885D7-14F7-4E57-83BD-5E3AB4891343}.Debug|Any CPU.Build.0 = Debug|Any CPU
		{FA9885D7-14F7-4E57-83BD-5E3AB4891343}.Debug|ARM64.ActiveCfg = Debug|Any CPU
		{FA9885D7-14F7-4E57-83BD-5E3AB4891343}.Debug|ARM64.Build.0 = Debug|Any CPU
		{FA9885D7-14F7-4E57-83BD-5E3AB4891343}.Debug|x64.ActiveCfg = Debug|Any CPU
		{FA9885D7-14F7-4E57-83BD-5E3AB4891343}.Debug|x64.Build.0 = Debug|Any CPU
		{FA9885D7-14F7-4E57-83BD-5E3AB4891343}.Debug|x86.ActiveCfg = Debug|Any CPU
		{FA9885D7-14F7-4E57-83BD-5E3AB4891343}.Debug|x86.Build.0 = Debug|Any CPU
		{FA9885D7-14F7-4E57-83BD-5E3AB4891343}.Release|Any CPU.ActiveCfg = Release|Any CPU
		{FA9885D7-14F7-4E57-83BD-5E3AB4891343}.Release|Any CPU.Build.0 = Release|Any CPU
		{FA9885D7-14F7-4E57-83BD-5E3AB4891343}.Release|ARM64.ActiveCfg = Release|Any CPU
		{FA9885D7-14F7-4E57-83BD-5E3AB4891343}.Release|ARM64.Build.0 = Release|Any CPU
		{FA9885D7-14F7-4E57-83BD-5E3AB4891343}.Release|x64.ActiveCfg = Release|Any CPU
		{FA9885D7-14F7-4E57-83BD-5E3AB4891343}.Release|x64.Build.0 = Release|Any CPU
		{FA9885D7-14F7-4E57-83BD-5E3AB4891343}.Release|x86.ActiveCfg = Release|Any CPU
		{FA9885D7-14F7-4E57-83BD-5E3AB4891343}.Release|x86.Build.0 = Release|Any CPU
		{5F063A99-FAB2-4CFB-AF60-8E239AFD1F33}.Debug|Any CPU.ActiveCfg = Debug|x64
		{5F063A99-FAB2-4CFB-AF60-8E239AFD1F33}.Debug|ARM64.ActiveCfg = Debug|ARM64
		{5F063A99-FAB2-4CFB-AF60-8E239AFD1F33}.Debug|ARM64.Build.0 = Debug|ARM64
		{5F063A99-FAB2-4CFB-AF60-8E239AFD1F33}.Debug|x64.ActiveCfg = Debug|x64
		{5F063A99-FAB2-4CFB-AF60-8E239AFD1F33}.Debug|x64.Build.0 = Debug|x64
		{5F063A99-FAB2-4CFB-AF60-8E239AFD1F33}.Debug|x86.ActiveCfg = Debug|x86
		{5F063A99-FAB2-4CFB-AF60-8E239AFD1F33}.Debug|x86.Build.0 = Debug|x86
		{5F063A99-FAB2-4CFB-AF60-8E239AFD1F33}.Release|Any CPU.ActiveCfg = Release|x64
		{5F063A99-FAB2-4CFB-AF60-8E239AFD1F33}.Release|ARM64.ActiveCfg = Release|ARM64
		{5F063A99-FAB2-4CFB-AF60-8E239AFD1F33}.Release|ARM64.Build.0 = Release|ARM64
		{5F063A99-FAB2-4CFB-AF60-8E239AFD1F33}.Release|x64.ActiveCfg = Release|x64
		{5F063A99-FAB2-4CFB-AF60-8E239AFD1F33}.Release|x64.Build.0 = Release|x64
		{5F063A99-FAB2-4CFB-AF60-8E239AFD1F33}.Release|x86.ActiveCfg = Release|x86
		{5F063A99-FAB2-4CFB-AF60-8E239AFD1F33}.Release|x86.Build.0 = Release|x86
	EndGlobalSection
	GlobalSection(SolutionProperties) = preSolution
		HideSolutionNode = FALSE
	EndGlobalSection
	GlobalSection(ExtensibilityGlobals) = postSolution
		SolutionGuid = {0190E982-3B0B-48C0-B088-3B00ADBB37E2}
	EndGlobalSection
EndGlobal
