
Microsoft Visual Studio Solution File, Format Version 12.00
# Visual Studio Version 17
VisualStudioVersion = 17.5.002.0
MinimumVisualStudioVersion = 10.0.40219.1
Project("{9A19103F-16F7-4668-BE54-9A1E7A4F7556}") = "DlMirrorSync", "DlMirrorSync\DlMirrorSync.csproj", "{FA9885D7-14F7-4E57-83BD-5E3AB4891343}"
EndProject
Global
	GlobalSection(SolutionConfigurationPlatforms) = preSolution
		Debug|Any CPU = Debug|Any CPU
		Release|Any CPU = Release|Any CPU
	EndGlobalSection
	GlobalSection(ProjectConfigurationPlatforms) = postSolution
		{FA9885D7-14F7-4E57-83BD-5E3AB4891343}.Debug|Any CPU.ActiveCfg = Debug|Any CPU
		{FA9885D7-14F7-4E57-83BD-5E3AB4891343}.Debug|Any CPU.Build.0 = Debug|Any CPU
		{FA9885D7-14F7-4E57-83BD-5E3AB4891343}.Release|Any CPU.ActiveCfg = Release|Any CPU
		{FA9885D7-14F7-4E57-83BD-5E3AB4891343}.Release|Any CPU.Build.0 = Release|Any CPU
	EndGlobalSection
	GlobalSection(SolutionProperties) = preSolution
		HideSolutionNode = FALSE
	EndGlobalSection
	GlobalSection(ExtensibilityGlobals) = postSolution
		SolutionGuid = {0190E982-3B0B-48C0-B088-3B00ADBB37E2}
	EndGlobalSection
EndGlobal
